
Microsoft Visual Studio Solution File, Format Version 12.00
# Visual Studio Version 16
VisualStudioVersion = 16.0.30907.101
MinimumVisualStudioVersion = 10.0.40219.1
Project("{8BC9CEB8-8B4A-11D0-8D11-00A0C91BC942}") = "Lab 1", "Lab 1\Lab 1.vcxproj", "{880A1B8A-C128-4D14-93DA-25064AD51D2A}"
EndProject
Project("{8BC9CEB8-8B4A-11D0-8D11-00A0C91BC942}") = "Lab 3", "Lab excerise 1\Lab excerise 1.vcxproj", "{E53746EA-AB32-4DFC-BAEE-F5BB452514CF}"
EndProject
Project("{8BC9CEB8-8B4A-11D0-8D11-00A0C91BC942}") = "Lab 2", "Lab 2\Lab 2.vcxproj", "{41BC29C4-E49E-4778-A62D-798B53B85174}"
EndProject
Project("{8BC9CEB8-8B4A-11D0-8D11-00A0C91BC942}") = "Lab 2 Exercise", "Lab 2 Exercise\Lab 2 Exercise.vcxproj", "{7DCB4A95-DF05-44E9-9824-71AFD15767E1}"
EndProject
Project("{8BC9CEB8-8B4A-11D0-8D11-00A0C91BC942}") = "Test 1", "Test 1\Test 1.vcxproj", "{34122B3C-EA3F-4348-A661-9A808A0D1113}"
EndProject
Project("{8BC9CEB8-8B4A-11D0-8D11-00A0C91BC942}") = "Lab 4", "Lab 4\Lab 4.vcxproj", "{4D741800-8543-4B78-B834-8A62758E90D6}"
EndProject
Project("{8BC9CEB8-8B4A-11D0-8D11-00A0C91BC942}") = "SDL2", "SDL2\SDL2.vcxproj", "{4DAF5820-8F71-432F-8BEE-3252079D4A53}"
EndProject
Project("{8BC9CEB8-8B4A-11D0-8D11-00A0C91BC942}") = "Lab 5", "Lab 5\Lab 5.vcxproj", "{EF7B5CE6-3A3C-43C1-B82D-EBF2D554B9AA}"
EndProject
Project("{8BC9CEB8-8B4A-11D0-8D11-00A0C91BC942}") = "RPS", "RPS\RPS.vcxproj", "{0C0767AA-2348-4C7C-83D4-C314BD9C1F7D}"
EndProject
Project("{8BC9CEB8-8B4A-11D0-8D11-00A0C91BC942}") = "Lab 6", "Project1\Project1.vcxproj", "{34060387-139B-4358-A123-3189A90263FA}"
EndProject
Project("{8BC9CEB8-8B4A-11D0-8D11-00A0C91BC942}") = "Test 2", "Test 2\Test 2.vcxproj", "{07F1A9AC-B0B8-417F-809C-2E8CD736B366}"
EndProject
Project("{8BC9CEB8-8B4A-11D0-8D11-00A0C91BC942}") = "Lab 7.0", "Lab 7.0\Lab 7.0.vcxproj", "{6C1D7638-03FB-48B8-AE90-7BD367F01B6F}"
EndProject
Project("{8BC9CEB8-8B4A-11D0-8D11-00A0C91BC942}") = "Lab 8", "Lab 8\Lab 8.vcxproj", "{64A1B65C-F030-45A7-B327-2FF3182A2489}"
EndProject
Project("{8BC9CEB8-8B4A-11D0-8D11-00A0C91BC942}") = "Lab exercise 4", "Lab exercise 4\Lab exercise 4.vcxproj", "{EAE51694-6E68-4201-95B5-B51D15C49953}"
EndProject
Project("{8BC9CEB8-8B4A-11D0-8D11-00A0C91BC942}") = "Test 3", "Test 3\Test 3.vcxproj", "{EA855E98-50F9-4BBE-9C39-6382A03F2A2F}"
EndProject
Global
	GlobalSection(SolutionConfigurationPlatforms) = preSolution
		Debug|x64 = Debug|x64
		Debug|x86 = Debug|x86
		Release|x64 = Release|x64
		Release|x86 = Release|x86
	EndGlobalSection
	GlobalSection(ProjectConfigurationPlatforms) = postSolution
		{880A1B8A-C128-4D14-93DA-25064AD51D2A}.Debug|x64.ActiveCfg = Debug|x64
		{880A1B8A-C128-4D14-93DA-25064AD51D2A}.Debug|x64.Build.0 = Debug|x64
		{880A1B8A-C128-4D14-93DA-25064AD51D2A}.Debug|x86.ActiveCfg = Debug|Win32
		{880A1B8A-C128-4D14-93DA-25064AD51D2A}.Debug|x86.Build.0 = Debug|Win32
		{880A1B8A-C128-4D14-93DA-25064AD51D2A}.Release|x64.ActiveCfg = Release|x64
		{880A1B8A-C128-4D14-93DA-25064AD51D2A}.Release|x64.Build.0 = Release|x64
		{880A1B8A-C128-4D14-93DA-25064AD51D2A}.Release|x86.ActiveCfg = Release|Win32
		{880A1B8A-C128-4D14-93DA-25064AD51D2A}.Release|x86.Build.0 = Release|Win32
		{E53746EA-AB32-4DFC-BAEE-F5BB452514CF}.Debug|x64.ActiveCfg = Debug|x64
		{E53746EA-AB32-4DFC-BAEE-F5BB452514CF}.Debug|x64.Build.0 = Debug|x64
		{E53746EA-AB32-4DFC-BAEE-F5BB452514CF}.Debug|x86.ActiveCfg = Debug|Win32
		{E53746EA-AB32-4DFC-BAEE-F5BB452514CF}.Debug|x86.Build.0 = Debug|Win32
		{E53746EA-AB32-4DFC-BAEE-F5BB452514CF}.Release|x64.ActiveCfg = Release|x64
		{E53746EA-AB32-4DFC-BAEE-F5BB452514CF}.Release|x64.Build.0 = Release|x64
		{E53746EA-AB32-4DFC-BAEE-F5BB452514CF}.Release|x86.ActiveCfg = Release|Win32
		{E53746EA-AB32-4DFC-BAEE-F5BB452514CF}.Release|x86.Build.0 = Release|Win32
		{41BC29C4-E49E-4778-A62D-798B53B85174}.Debug|x64.ActiveCfg = Debug|x64
		{41BC29C4-E49E-4778-A62D-798B53B85174}.Debug|x64.Build.0 = Debug|x64
		{41BC29C4-E49E-4778-A62D-798B53B85174}.Debug|x86.ActiveCfg = Debug|Win32
		{41BC29C4-E49E-4778-A62D-798B53B85174}.Debug|x86.Build.0 = Debug|Win32
		{41BC29C4-E49E-4778-A62D-798B53B85174}.Release|x64.ActiveCfg = Release|x64
		{41BC29C4-E49E-4778-A62D-798B53B85174}.Release|x64.Build.0 = Release|x64
		{41BC29C4-E49E-4778-A62D-798B53B85174}.Release|x86.ActiveCfg = Release|Win32
		{41BC29C4-E49E-4778-A62D-798B53B85174}.Release|x86.Build.0 = Release|Win32
		{7DCB4A95-DF05-44E9-9824-71AFD15767E1}.Debug|x64.ActiveCfg = Debug|x64
		{7DCB4A95-DF05-44E9-9824-71AFD15767E1}.Debug|x64.Build.0 = Debug|x64
		{7DCB4A95-DF05-44E9-9824-71AFD15767E1}.Debug|x86.ActiveCfg = Debug|Win32
		{7DCB4A95-DF05-44E9-9824-71AFD15767E1}.Debug|x86.Build.0 = Debug|Win32
		{7DCB4A95-DF05-44E9-9824-71AFD15767E1}.Release|x64.ActiveCfg = Release|x64
		{7DCB4A95-DF05-44E9-9824-71AFD15767E1}.Release|x64.Build.0 = Release|x64
		{7DCB4A95-DF05-44E9-9824-71AFD15767E1}.Release|x86.ActiveCfg = Release|Win32
		{7DCB4A95-DF05-44E9-9824-71AFD15767E1}.Release|x86.Build.0 = Release|Win32
		{34122B3C-EA3F-4348-A661-9A808A0D1113}.Debug|x64.ActiveCfg = Debug|x64
		{34122B3C-EA3F-4348-A661-9A808A0D1113}.Debug|x64.Build.0 = Debug|x64
		{34122B3C-EA3F-4348-A661-9A808A0D1113}.Debug|x86.ActiveCfg = Debug|Win32
		{34122B3C-EA3F-4348-A661-9A808A0D1113}.Debug|x86.Build.0 = Debug|Win32
		{34122B3C-EA3F-4348-A661-9A808A0D1113}.Release|x64.ActiveCfg = Release|x64
		{34122B3C-EA3F-4348-A661-9A808A0D1113}.Release|x64.Build.0 = Release|x64
		{34122B3C-EA3F-4348-A661-9A808A0D1113}.Release|x86.ActiveCfg = Release|Win32
		{34122B3C-EA3F-4348-A661-9A808A0D1113}.Release|x86.Build.0 = Release|Win32
		{4D741800-8543-4B78-B834-8A62758E90D6}.Debug|x64.ActiveCfg = Debug|x64
		{4D741800-8543-4B78-B834-8A62758E90D6}.Debug|x64.Build.0 = Debug|x64
		{4D741800-8543-4B78-B834-8A62758E90D6}.Debug|x86.ActiveCfg = Debug|Win32
		{4D741800-8543-4B78-B834-8A62758E90D6}.Debug|x86.Build.0 = Debug|Win32
		{4D741800-8543-4B78-B834-8A62758E90D6}.Release|x64.ActiveCfg = Release|x64
		{4D741800-8543-4B78-B834-8A62758E90D6}.Release|x64.Build.0 = Release|x64
		{4D741800-8543-4B78-B834-8A62758E90D6}.Release|x86.ActiveCfg = Release|Win32
		{4D741800-8543-4B78-B834-8A62758E90D6}.Release|x86.Build.0 = Release|Win32
		{4DAF5820-8F71-432F-8BEE-3252079D4A53}.Debug|x64.ActiveCfg = Debug|x64
		{4DAF5820-8F71-432F-8BEE-3252079D4A53}.Debug|x64.Build.0 = Debug|x64
		{4DAF5820-8F71-432F-8BEE-3252079D4A53}.Debug|x86.ActiveCfg = Debug|Win32
		{4DAF5820-8F71-432F-8BEE-3252079D4A53}.Debug|x86.Build.0 = Debug|Win32
		{4DAF5820-8F71-432F-8BEE-3252079D4A53}.Release|x64.ActiveCfg = Release|x64
		{4DAF5820-8F71-432F-8BEE-3252079D4A53}.Release|x64.Build.0 = Release|x64
		{4DAF5820-8F71-432F-8BEE-3252079D4A53}.Release|x86.ActiveCfg = Release|Win32
		{4DAF5820-8F71-432F-8BEE-3252079D4A53}.Release|x86.Build.0 = Release|Win32
		{EF7B5CE6-3A3C-43C1-B82D-EBF2D554B9AA}.Debug|x64.ActiveCfg = Debug|x64
		{EF7B5CE6-3A3C-43C1-B82D-EBF2D554B9AA}.Debug|x64.Build.0 = Debug|x64
		{EF7B5CE6-3A3C-43C1-B82D-EBF2D554B9AA}.Debug|x86.ActiveCfg = Debug|Win32
		{EF7B5CE6-3A3C-43C1-B82D-EBF2D554B9AA}.Debug|x86.Build.0 = Debug|Win32
		{EF7B5CE6-3A3C-43C1-B82D-EBF2D554B9AA}.Release|x64.ActiveCfg = Release|x64
		{EF7B5CE6-3A3C-43C1-B82D-EBF2D554B9AA}.Release|x64.Build.0 = Release|x64
		{EF7B5CE6-3A3C-43C1-B82D-EBF2D554B9AA}.Release|x86.ActiveCfg = Release|Win32
		{EF7B5CE6-3A3C-43C1-B82D-EBF2D554B9AA}.Release|x86.Build.0 = Release|Win32
		{0C0767AA-2348-4C7C-83D4-C314BD9C1F7D}.Debug|x64.ActiveCfg = Debug|x64
		{0C0767AA-2348-4C7C-83D4-C314BD9C1F7D}.Debug|x64.Build.0 = Debug|x64
		{0C0767AA-2348-4C7C-83D4-C314BD9C1F7D}.Debug|x86.ActiveCfg = Debug|Win32
		{0C0767AA-2348-4C7C-83D4-C314BD9C1F7D}.Debug|x86.Build.0 = Debug|Win32
		{0C0767AA-2348-4C7C-83D4-C314BD9C1F7D}.Release|x64.ActiveCfg = Release|x64
		{0C0767AA-2348-4C7C-83D4-C314BD9C1F7D}.Release|x64.Build.0 = Release|x64
		{0C0767AA-2348-4C7C-83D4-C314BD9C1F7D}.Release|x86.ActiveCfg = Release|Win32
		{0C0767AA-2348-4C7C-83D4-C314BD9C1F7D}.Release|x86.Build.0 = Release|Win32
		{34060387-139B-4358-A123-3189A90263FA}.Debug|x64.ActiveCfg = Debug|x64
		{34060387-139B-4358-A123-3189A90263FA}.Debug|x64.Build.0 = Debug|x64
		{34060387-139B-4358-A123-3189A90263FA}.Debug|x86.ActiveCfg = Debug|Win32
		{34060387-139B-4358-A123-3189A90263FA}.Debug|x86.Build.0 = Debug|Win32
		{34060387-139B-4358-A123-3189A90263FA}.Release|x64.ActiveCfg = Release|x64
		{34060387-139B-4358-A123-3189A90263FA}.Release|x64.Build.0 = Release|x64
		{34060387-139B-4358-A123-3189A90263FA}.Release|x86.ActiveCfg = Release|Win32
		{34060387-139B-4358-A123-3189A90263FA}.Release|x86.Build.0 = Release|Win32
		{07F1A9AC-B0B8-417F-809C-2E8CD736B366}.Debug|x64.ActiveCfg = Debug|x64
		{07F1A9AC-B0B8-417F-809C-2E8CD736B366}.Debug|x64.Build.0 = Debug|x64
		{07F1A9AC-B0B8-417F-809C-2E8CD736B366}.Debug|x86.ActiveCfg = Debug|Win32
		{07F1A9AC-B0B8-417F-809C-2E8CD736B366}.Debug|x86.Build.0 = Debug|Win32
		{07F1A9AC-B0B8-417F-809C-2E8CD736B366}.Release|x64.ActiveCfg = Release|x64
		{07F1A9AC-B0B8-417F-809C-2E8CD736B366}.Release|x64.Build.0 = Release|x64
		{07F1A9AC-B0B8-417F-809C-2E8CD736B366}.Release|x86.ActiveCfg = Release|Win32
		{07F1A9AC-B0B8-417F-809C-2E8CD736B366}.Release|x86.Build.0 = Release|Win32
		{6C1D7638-03FB-48B8-AE90-7BD367F01B6F}.Debug|x64.ActiveCfg = Debug|x64
		{6C1D7638-03FB-48B8-AE90-7BD367F01B6F}.Debug|x64.Build.0 = Debug|x64
		{6C1D7638-03FB-48B8-AE90-7BD367F01B6F}.Debug|x86.ActiveCfg = Debug|Win32
		{6C1D7638-03FB-48B8-AE90-7BD367F01B6F}.Debug|x86.Build.0 = Debug|Win32
		{6C1D7638-03FB-48B8-AE90-7BD367F01B6F}.Release|x64.ActiveCfg = Release|x64
		{6C1D7638-03FB-48B8-AE90-7BD367F01B6F}.Release|x64.Build.0 = Release|x64
		{6C1D7638-03FB-48B8-AE90-7BD367F01B6F}.Release|x86.ActiveCfg = Release|Win32
		{6C1D7638-03FB-48B8-AE90-7BD367F01B6F}.Release|x86.Build.0 = Release|Win32
		{64A1B65C-F030-45A7-B327-2FF3182A2489}.Debug|x64.ActiveCfg = Debug|x64
		{64A1B65C-F030-45A7-B327-2FF3182A2489}.Debug|x64.Build.0 = Debug|x64
		{64A1B65C-F030-45A7-B327-2FF3182A2489}.Debug|x86.ActiveCfg = Debug|Win32
		{64A1B65C-F030-45A7-B327-2FF3182A2489}.Debug|x86.Build.0 = Debug|Win32
		{64A1B65C-F030-45A7-B327-2FF3182A2489}.Release|x64.ActiveCfg = Release|x64
		{64A1B65C-F030-45A7-B327-2FF3182A2489}.Release|x64.Build.0 = Release|x64
		{64A1B65C-F030-45A7-B327-2FF3182A2489}.Release|x86.ActiveCfg = Release|Win32
		{64A1B65C-F030-45A7-B327-2FF3182A2489}.Release|x86.Build.0 = Release|Win32
		{EAE51694-6E68-4201-95B5-B51D15C49953}.Debug|x64.ActiveCfg = Debug|x64
		{EAE51694-6E68-4201-95B5-B51D15C49953}.Debug|x64.Build.0 = Debug|x64
		{EAE51694-6E68-4201-95B5-B51D15C49953}.Debug|x86.ActiveCfg = Debug|Win32
		{EAE51694-6E68-4201-95B5-B51D15C49953}.Debug|x86.Build.0 = Debug|Win32
		{EAE51694-6E68-4201-95B5-B51D15C49953}.Release|x64.ActiveCfg = Release|x64
		{EAE51694-6E68-4201-95B5-B51D15C49953}.Release|x64.Build.0 = Release|x64
		{EAE51694-6E68-4201-95B5-B51D15C49953}.Release|x86.ActiveCfg = Release|Win32
		{EAE51694-6E68-4201-95B5-B51D15C49953}.Release|x86.Build.0 = Release|Win32
		{EA855E98-50F9-4BBE-9C39-6382A03F2A2F}.Debug|x64.ActiveCfg = Debug|x64
		{EA855E98-50F9-4BBE-9C39-6382A03F2A2F}.Debug|x64.Build.0 = Debug|x64
		{EA855E98-50F9-4BBE-9C39-6382A03F2A2F}.Debug|x86.ActiveCfg = Debug|Win32
		{EA855E98-50F9-4BBE-9C39-6382A03F2A2F}.Debug|x86.Build.0 = Debug|Win32
		{EA855E98-50F9-4BBE-9C39-6382A03F2A2F}.Release|x64.ActiveCfg = Release|x64
		{EA855E98-50F9-4BBE-9C39-6382A03F2A2F}.Release|x64.Build.0 = Release|x64
		{EA855E98-50F9-4BBE-9C39-6382A03F2A2F}.Release|x86.ActiveCfg = Release|Win32
		{EA855E98-50F9-4BBE-9C39-6382A03F2A2F}.Release|x86.Build.0 = Release|Win32
	EndGlobalSection
	GlobalSection(SolutionProperties) = preSolution
		HideSolutionNode = FALSE
	EndGlobalSection
	GlobalSection(ExtensibilityGlobals) = postSolution
		SolutionGuid = {564E82A2-5F20-4FCB-B0B3-E1F6BD0A826C}
	EndGlobalSection
EndGlobal
